
Microsoft Visual Studio Solution File, Format Version 12.00
# Visual Studio Version 17
VisualStudioVersion = 17.4.33403.182
MinimumVisualStudioVersion = 10.0.40219.1
Project("{FAE04EC0-301F-11D3-BF4B-00C04F79EFBC}") = "proyecto8", "proyecto8.csproj", "{EAB98245-169F-45CB-B181-8B68FD0F02F9}"
EndProject
Global
	GlobalSection(SolutionConfigurationPlatforms) = preSolution
		Debug|Any CPU = Debug|Any CPU
		Release|Any CPU = Release|Any CPU
	EndGlobalSection
	GlobalSection(ProjectConfigurationPlatforms) = postSolution
		{EAB98245-169F-45CB-B181-8B68FD0F02F9}.Debug|Any CPU.ActiveCfg = Debug|Any CPU
		{EAB98245-169F-45CB-B181-8B68FD0F02F9}.Debug|Any CPU.Build.0 = Debug|Any CPU
		{EAB98245-169F-45CB-B181-8B68FD0F02F9}.Release|Any CPU.ActiveCfg = Release|Any CPU
		{EAB98245-169F-45CB-B181-8B68FD0F02F9}.Release|Any CPU.Build.0 = Release|Any CPU
	EndGlobalSection
	GlobalSection(SolutionProperties) = preSolution
		HideSolutionNode = FALSE
	EndGlobalSection
	GlobalSection(ExtensibilityGlobals) = postSolution
		SolutionGuid = {86648363-FE84-48B2-9B33-834D7A082EC3}
	EndGlobalSection
EndGlobal
