
Microsoft Visual Studio Solution File, Format Version 12.00
# Visual Studio Version 17
VisualStudioVersion = 17.4.33403.182
MinimumVisualStudioVersion = 10.0.40219.1
Project("{FAE04EC0-301F-11D3-BF4B-00C04F79EFBC}") = "pro8", "pro8.csproj", "{D346D925-7883-4AAA-801D-A65FFAC5A09D}"
EndProject
Global
	GlobalSection(SolutionConfigurationPlatforms) = preSolution
		Debug|Any CPU = Debug|Any CPU
		Release|Any CPU = Release|Any CPU
	EndGlobalSection
	GlobalSection(ProjectConfigurationPlatforms) = postSolution
		{D346D925-7883-4AAA-801D-A65FFAC5A09D}.Debug|Any CPU.ActiveCfg = Debug|Any CPU
		{D346D925-7883-4AAA-801D-A65FFAC5A09D}.Debug|Any CPU.Build.0 = Debug|Any CPU
		{D346D925-7883-4AAA-801D-A65FFAC5A09D}.Release|Any CPU.ActiveCfg = Release|Any CPU
		{D346D925-7883-4AAA-801D-A65FFAC5A09D}.Release|Any CPU.Build.0 = Release|Any CPU
	EndGlobalSection
	GlobalSection(SolutionProperties) = preSolution
		HideSolutionNode = FALSE
	EndGlobalSection
	GlobalSection(ExtensibilityGlobals) = postSolution
		SolutionGuid = {A6AAF047-76E5-48F6-AE44-EFA166B88BD5}
	EndGlobalSection
EndGlobal
